<?xml version="1.0" encoding="utf-8"?>
<Project ToolsVersion="4.0" xmlns="http://schemas.microsoft.com/developer/msbuild/2003">
  <ItemGroup>
    <Filter Include="源文件">
      <UniqueIdentifier>{4FC737F1-C7A5-4376-A066-2A32D752A2FF}</UniqueIdentifier>
      <Extensions>cpp;c;cc;cxx;def;odl;idl;hpj;bat;asm;asmx</Extensions>
    </Filter>
    <Filter Include="头文件">
      <UniqueIdentifier>{93995380-89BD-4b04-88EB-625FBE52EBFB}</UniqueIdentifier>
      <Extensions>h;hh;hpp;hxx;hm;inl;inc;ipp;xsd</Extensions>
    </Filter>
    <Filter Include="资源文件">
      <UniqueIdentifier>{67DA6AB6-F800-4c08-8B7A-83BB121AAD01}</UniqueIdentifier>
      <Extensions>rc;ico;cur;bmp;dlg;rc2;rct;bin;rgs;gif;jpg;jpeg;jpe;resx;tiff;tif;png;wav;mfcribbon-ms</Extensions>
    </Filter>
    <Filter Include="头文件\UI_DESIGN">
      <UniqueIdentifier>{6fe2e08e-54b2-4130-8e77-6637f5cd2111}</UniqueIdentifier>
    </Filter>
  </ItemGroup>
  <ItemGroup>
    <ClInclude Include="BtnST.h">
      <Filter>头文件</Filter>
    </ClInclude>
    <ClInclude Include="add_friends.h">
      <Filter>头文件</Filter>
    </ClInclude>
    <ClInclude Include="CEditTrans.h">
      <Filter>头文件</Filter>
    </ClInclude>
    <ClInclude Include="CListCtlR.h">
      <Filter>头文件</Filter>
    </ClInclude>
    <ClInclude Include="CMyListCtrl.h">
      <Filter>头文件</Filter>
    </ClInclude>
    <ClInclude Include="CvvImage.h">
      <Filter>头文件</Filter>
    </ClInclude>
    <ClInclude Include="GLOBAL.h">
      <Filter>头文件</Filter>
    </ClInclude>
    <ClInclude Include="Friend_inf.h">
      <Filter>头文件</Filter>
    </ClInclude>
    <ClInclude Include="login3.h">
      <Filter>头文件</Filter>
    </ClInclude>
    <ClInclude Include="login3Dlg.h">
      <Filter>头文件</Filter>
    </ClInclude>
    <ClInclude Include="MainDialog.h">
      <Filter>头文件</Filter>
    </ClInclude>
    <ClInclude Include="Make_sure.h">
      <Filter>头文件</Filter>
    </ClInclude>
    <ClInclude Include="MySip3.h">
      <Filter>头文件</Filter>
    </ClInclude>
    <ClInclude Include="Resource.h">
      <Filter>头文件</Filter>
    </ClInclude>
    <ClInclude Include="server_set.h">
      <Filter>头文件</Filter>
    </ClInclude>
    <ClInclude Include="SkinH.h">
      <Filter>头文件</Filter>
    </ClInclude>
    <ClInclude Include="StaticTrans.h">
      <Filter>头文件</Filter>
    </ClInclude>
    <ClInclude Include="stdafx.h">
      <Filter>头文件</Filter>
    </ClInclude>
    <ClInclude Include="targetver.h">
      <Filter>头文件</Filter>
    </ClInclude>
    <ClInclude Include="VID_WIN.h">
      <Filter>头文件</Filter>
    </ClInclude>
    <ClInclude Include="MEDIA_SETTING.h">
      <Filter>头文件</Filter>
    </ClInclude>
  </ItemGroup>
  <ItemGroup>
    <ClCompile Include="login3.cpp">
      <Filter>源文件</Filter>
    </ClCompile>
    <ClCompile Include="login3Dlg.cpp">
      <Filter>源文件</Filter>
    </ClCompile>
    <ClCompile Include="stdafx.cpp">
      <Filter>源文件</Filter>
    </ClCompile>
    <ClCompile Include="BtnST.cpp">
      <Filter>源文件</Filter>
    </ClCompile>
    <ClCompile Include="CEditTrans.cpp">
      <Filter>源文件</Filter>
    </ClCompile>
    <ClCompile Include="StaticTrans.cpp">
      <Filter>源文件</Filter>
    </ClCompile>
    <ClCompile Include="MainDialog.cpp">
      <Filter>源文件</Filter>
    </ClCompile>
    <ClCompile Include="CListCtlR.cpp">
      <Filter>源文件</Filter>
    </ClCompile>
    <ClCompile Include="CMyListCtrl.cpp">
      <Filter>源文件</Filter>
    </ClCompile>
    <ClCompile Include="CvvImage.cpp">
      <Filter>源文件</Filter>
    </ClCompile>
    <ClCompile Include="server_set.cpp">
      <Filter>源文件</Filter>
    </ClCompile>
    <ClCompile Include="add_friends.cpp">
      <Filter>源文件</Filter>
    </ClCompile>
    <ClCompile Include="Friend_inf.cpp">
      <Filter>源文件</Filter>
    </ClCompile>
    <ClCompile Include="Make_sure.cpp">
      <Filter>源文件</Filter>
    </ClCompile>
    <ClCompile Include="MySip3.cpp">
      <Filter>源文件</Filter>
    </ClCompile>
    <ClCompile Include="GLOBAL.cpp">
      <Filter>源文件</Filter>
    </ClCompile>
    <ClCompile Include="VID_WIN.cpp">
      <Filter>源文件</Filter>
    </ClCompile>
    <ClCompile Include="MEDIA_SETTING.cpp">
      <Filter>源文件</Filter>
    </ClCompile>
  </ItemGroup>
  <ItemGroup>
    <ResourceCompile Include="login3.rc">
      <Filter>资源文件</Filter>
    </ResourceCompile>
  </ItemGroup>
  <ItemGroup>
    <None Include="res\login3.rc2">
      <Filter>资源文件</Filter>
    </None>
    <None Include="ClassDiagram.cd" />
    <None Include="ClassDiagram1.cd" />
  </ItemGroup>
  <ItemGroup>
    <Image Include="res\login3.ico">
      <Filter>资源文件</Filter>
    </Image>
    <Image Include="..\login.bmp">
      <Filter>资源文件</Filter>
    </Image>
    <Image Include="..\close.bmp">
      <Filter>资源文件</Filter>
    </Image>
    <Image Include="..\close.ico">
      <Filter>资源文件</Filter>
    </Image>
    <Image Include="res\icon2.ico">
      <Filter>资源文件</Filter>
    </Image>
    <Image Include="..\res\close.ico">
      <Filter>资源文件</Filter>
    </Image>
    <Image Include="..\res\About.ico">
      <Filter>资源文件</Filter>
    </Image>
    <Image Include="..\res\Baloon.ico">
      <Filter>资源文件</Filter>
    </Image>
    <Image Include="..\res\Butterfly.ico">
      <Filter>资源文件</Filter>
    </Image>
    <Image Include="..\res\Web2.ico">
      <Filter>资源文件</Filter>
    </Image>
    <Image Include="..\res\Search1.ico">
      <Filter>资源文件</Filter>
    </Image>
    <Image Include="..\res\id.ico">
      <Filter>资源文件</Filter>
    </Image>
    <Image Include="..\res\login.ico">
      <Filter>资源文件</Filter>
    </Image>
    <Image Include="..\res\password.ico">
      <Filter>资源文件</Filter>
    </Image>
    <Image Include="..\res\1.ico">
      <Filter>资源文件</Filter>
    </Image>
    <Image Include="..\res\2.ico">
      <Filter>资源文件</Filter>
    </Image>
    <Image Include="..\res\3.ico">
      <Filter>资源文件</Filter>
    </Image>
    <Image Include="..\res\4.ico">
      <Filter>资源文件</Filter>
    </Image>
    <Image Include="..\res\5.ico">
      <Filter>资源文件</Filter>
    </Image>
    <Image Include="..\res\16.ico">
      <Filter>资源文件</Filter>
    </Image>
    <Image Include="..\res\white.ico">
      <Filter>资源文件</Filter>
    </Image>
    <Image Include="..\res\icon12.ico">
      <Filter>资源文件</Filter>
    </Image>
    <Image Include="..\res\6.ico">
      <Filter>资源文件</Filter>
    </Image>
    <Image Include="..\res\friends.ico">
      <Filter>资源文件</Filter>
    </Image>
    <Image Include="..\res\group.ico">
      <Filter>资源文件</Filter>
    </Image>
    <Image Include="..\res\me.ico">
      <Filter>资源文件</Filter>
    </Image>
    <Image Include="..\res\friend32px.ico">
      <Filter>资源文件</Filter>
    </Image>
    <Image Include="..\res\group32px.ico">
      <Filter>资源文件</Filter>
    </Image>
    <Image Include="..\res\me32px.ico">
      <Filter>资源文件</Filter>
    </Image>
    <Image Include="..\res\4d170c591c85943b.bmp">
      <Filter>资源文件</Filter>
    </Image>
    <Image Include="..\res\111.jpg">
      <Filter>资源文件</Filter>
    </Image>
    <Image Include="..\res\bk.bmp">
      <Filter>资源文件</Filter>
    </Image>
    <Image Include="..\res\2.bmp">
      <Filter>资源文件</Filter>
    </Image>
    <Image Include="..\res\11.bmp">
      <Filter>资源文件</Filter>
    </Image>
    <Image Include="..\res\add.ico">
      <Filter>资源文件</Filter>
    </Image>
    <Image Include="..\res\5x.ico">
      <Filter>资源文件</Filter>
    </Image>
    <Image Include="..\res\down.ico">
      <Filter>资源文件</Filter>
    </Image>
    <Image Include="..\res\in.ico">
      <Filter>资源文件</Filter>
    </Image>
    <Image Include="..\res\change.ico">
      <Filter>资源文件</Filter>
    </Image>
    <Image Include="..\res\zhuxiao.ico">
      <Filter>资源文件</Filter>
    </Image>
    <Image Include="..\res\5c42d24399a70.32px.ico">
      <Filter>资源文件</Filter>
    </Image>
    <Image Include="..\res\5c42d8b125932.32px.ico">
      <Filter>资源文件</Filter>
    </Image>
    <Image Include="..\res\5c42f5b97a584.32px.ico">
      <Filter>资源文件</Filter>
    </Image>
    <Image Include="..\res\5c440a85a0816.32px.ico">
      <Filter>资源文件</Filter>
    </Image>
    <Image Include="..\res\5c440aa2b8bbc.32px.ico">
      <Filter>资源文件</Filter>
    </Image>
    <Image Include="..\res\5c44505552263.32px.ico">
      <Filter>资源文件</Filter>
    </Image>
    <Image Include="..\res\5c44503d71e4f.32px.ico">
      <Filter>资源文件</Filter>
    </Image>
    <Image Include="..\res\5c45450f1fd04.32px.ico">
      <Filter>资源文件</Filter>
    </Image>
    <Image Include="..\res\5c4545423745a.32px.ico">
      <Filter>资源文件</Filter>
    </Image>
    <Image Include="..\res\refresh.32px.ico">
      <Filter>资源文件</Filter>
    </Image>
    <Image Include="..\res\chat_bk.bmp">
      <Filter>资源文件</Filter>
    </Image>
  </ItemGroup>
</Project>